{
  "name": "moogspeechai",
  "version": "1.0.0",
  "lockfileVersion": 3,
  "requires": true,
  "packages": {
    "": {
      "name": "moogspeechai",
      "version": "1.0.0",
      "license": "ISC",
      "dependencies": {
        "mathjax": "^4.1.1",
        "reveal.js": "^5.2.1",
        "ws": "^8.19.0"
      }
    },
    "node_modules/@mathjax/mathjax-newcm-font": {
      "version": "4.1.1",
      "resolved": "https://registry.npmjs.org/@mathjax/mathjax-newcm-font/-/mathjax-newcm-font-4.1.1.tgz",
      "integrity": "sha512-LeV5AWzoR7k/k2tg5mW0Ad3Jr9oK9guW/zBUIP8aoiIZcZIhvAV9dlbtUSqSe1wgEBUP1KOcJXcrE/NxOqkxlQ==",
      "license": "Apache-2.0"
    },
    "node_modules/mathjax": {
      "version": "4.1.1",
      "resolved": "https://registry.npmjs.org/mathjax/-/mathjax-4.1.1.tgz",
      "integrity": "sha512-NyvA8c39LUUM/m+oCg7sfA13hmw7yGkre5kiRWN9qzChCyhce39lecnbjgMA/oEUgq9Vyetk6u78apwcIXpW/A==",
      "license": "Apache-2.0",
      "dependencies": {
        "@mathjax/mathjax-newcm-font": "^4.1.1"
      }
    },
    "node_modules/reveal.js": {
      "version": "5.2.1",
      "resolved": "https://registry.npmjs.org/reveal.js/-/reveal.js-5.2.1.tgz",
      "integrity": "sha512-r7//6mIM5p34hFiDMvYfXgyjXqGRta+/psd9YtytsgRlrpRzFv4RbH76TXd2qD+7ZPZEbpBDhdRhJaFgfQ7zNQ==",
      "license": "MIT",
      "engines": {
        "node": ">=18.0.0"
      }
    },
    "node_modules/ws": {
      "version": "8.19.0",
      "resolved": "https://registry.npmjs.org/ws/-/ws-8.19.0.tgz",
      "integrity": "sha512-blAT2mjOEIi0ZzruJfIhb3nps74PRWTCz1IjglWEEpQl5XS/UNama6u2/rjFkDDouqr4L67ry+1aGIALViWjDg==",
      "license": "MIT",
      "engines": {
        "node": ">=10.0.0"
      },
      "peerDependencies": {
        "bufferutil": "^4.0.1",
        "utf-8-validate": ">=5.0.2"
      },
      "peerDependenciesMeta": {
        "bufferutil": {
          "optional": true
        },
        "utf-8-validate": {
          "optional": true
        }
      }
    }
  }
}
